
Microsoft Visual Studio Solution File, Format Version 12.00
# Visual Studio Version 17
VisualStudioVersion = 17.0.31903.59
MinimumVisualStudioVersion = 10.0.40219.1
Project("{2150E333-8FDC-42A3-9474-1A3956D46DE8}") = "src", "src", "{827E0CD3-B72D-47B6-A68D-7590B98EB39B}"
EndProject
Project("{FAE04EC0-301F-11D3-BF4B-00C04F79EFBC}") = "TheL10inator.Domain", "src\TheL10inator.Domain\TheL10inator.Domain.csproj", "{CCF871F3-AFB8-4B2A-A228-389A731AA3EB}"
EndProject
Project("{FAE04EC0-301F-11D3-BF4B-00C04F79EFBC}") = "TheL10inator.Infrastructure", "src\TheL10inator.Infrastructure\TheL10inator.Infrastructure.csproj", "{760DCC4E-82C7-42D6-94C7-6E44AC73BDA4}"
EndProject
Project("{FAE04EC0-301F-11D3-BF4B-00C04F79EFBC}") = "TheL10inator.Api", "src\TheL10inator.Api\TheL10inator.Api.csproj", "{FB2B83A3-3ADF-47FB-BFD5-7F17DE2F8ED7}"
EndProject
Project("{FAE04EC0-301F-11D3-BF4B-00C04F79EFBC}") = "TheL10inator.Migrator", "src\TheL10inator.Migrator\TheL10inator.Migrator.csproj", "{73391427-14C2-46D5-A5A0-423A2ED33598}"
EndProject
Project("{2150E333-8FDC-42A3-9474-1A3956D46DE8}") = "tests", "tests", "{0AB3BF05-4346-4AA6-1389-037BE0695223}"
EndProject
Project("{FAE04EC0-301F-11D3-BF4B-00C04F79EFBC}") = "TheL10inator.Domain.Tests", "tests\TheL10inator.Domain.Tests\TheL10inator.Domain.Tests.csproj", "{DAED7A39-64EC-4DA7-8B82-6D99446B222E}"
EndProject
Project("{FAE04EC0-301F-11D3-BF4B-00C04F79EFBC}") = "TheL10inator.Api.Tests", "tests\TheL10inator.Api.Tests\TheL10inator.Api.Tests.csproj", "{54DF9A92-7045-40CA-9196-D76EBC2C4A69}"
EndProject
Project("{FAE04EC0-301F-11D3-BF4B-00C04F79EFBC}") = "TheL10inator.Integration.Tests", "tests\TheL10inator.Integration.Tests\TheL10inator.Integration.Tests.csproj", "{A62DACB3-232B-421F-AC6C-DF402922B742}"
EndProject
Project("{FAE04EC0-301F-11D3-BF4B-00C04F79EFBC}") = "TheL10inator.Playwright.Tests", "tests\TheL10inator.Playwright.Tests\TheL10inator.Playwright.Tests.csproj", "{DF34A586-5F4F-47E8-8C8B-84FE6AA2D098}"
EndProject
Project("{FAE04EC0-301F-11D3-BF4B-00C04F79EFBC}") = "TheL10inator.Fakes", "tests\TheL10inator.Fakes\TheL10inator.Fakes.csproj", "{774116A4-A122-42C0-967E-28CAC9DCB306}"
EndProject
Global
	GlobalSection(SolutionConfigurationPlatforms) = preSolution
		Debug|Any CPU = Debug|Any CPU
		Debug|x64 = Debug|x64
		Debug|x86 = Debug|x86
		Release|Any CPU = Release|Any CPU
		Release|x64 = Release|x64
		Release|x86 = Release|x86
	EndGlobalSection
	GlobalSection(ProjectConfigurationPlatforms) = postSolution
		{CCF871F3-AFB8-4B2A-A228-389A731AA3EB}.Debug|Any CPU.ActiveCfg = Debug|Any CPU
		{CCF871F3-AFB8-4B2A-A228-389A731AA3EB}.Debug|Any CPU.Build.0 = Debug|Any CPU
		{CCF871F3-AFB8-4B2A-A228-389A731AA3EB}.Debug|x64.ActiveCfg = Debug|Any CPU
		{CCF871F3-AFB8-4B2A-A228-389A731AA3EB}.Debug|x64.Build.0 = Debug|Any CPU
		{CCF871F3-AFB8-4B2A-A228-389A731AA3EB}.Debug|x86.ActiveCfg = Debug|Any CPU
		{CCF871F3-AFB8-4B2A-A228-389A731AA3EB}.Debug|x86.Build.0 = Debug|Any CPU
		{CCF871F3-AFB8-4B2A-A228-389A731AA3EB}.Release|Any CPU.ActiveCfg = Release|Any CPU
		{CCF871F3-AFB8-4B2A-A228-389A731AA3EB}.Release|Any CPU.Build.0 = Release|Any CPU
		{CCF871F3-AFB8-4B2A-A228-389A731AA3EB}.Release|x64.ActiveCfg = Release|Any CPU
		{CCF871F3-AFB8-4B2A-A228-389A731AA3EB}.Release|x64.Build.0 = Release|Any CPU
		{CCF871F3-AFB8-4B2A-A228-389A731AA3EB}.Release|x86.ActiveCfg = Release|Any CPU
		{CCF871F3-AFB8-4B2A-A228-389A731AA3EB}.Release|x86.Build.0 = Release|Any CPU
		{760DCC4E-82C7-42D6-94C7-6E44AC73BDA4}.Debug|Any CPU.ActiveCfg = Debug|Any CPU
		{760DCC4E-82C7-42D6-94C7-6E44AC73BDA4}.Debug|Any CPU.Build.0 = Debug|Any CPU
		{760DCC4E-82C7-42D6-94C7-6E44AC73BDA4}.Debug|x64.ActiveCfg = Debug|Any CPU
		{760DCC4E-82C7-42D6-94C7-6E44AC73BDA4}.Debug|x64.Build.0 = Debug|Any CPU
		{760DCC4E-82C7-42D6-94C7-6E44AC73BDA4}.Debug|x86.ActiveCfg = Debug|Any CPU
		{760DCC4E-82C7-42D6-94C7-6E44AC73BDA4}.Debug|x86.Build.0 = Debug|Any CPU
		{760DCC4E-82C7-42D6-94C7-6E44AC73BDA4}.Release|Any CPU.ActiveCfg = Release|Any CPU
		{760DCC4E-82C7-42D6-94C7-6E44AC73BDA4}.Release|Any CPU.Build.0 = Release|Any CPU
		{760DCC4E-82C7-42D6-94C7-6E44AC73BDA4}.Release|x64.ActiveCfg = Release|Any CPU
		{760DCC4E-82C7-42D6-94C7-6E44AC73BDA4}.Release|x64.Build.0 = Release|Any CPU
		{760DCC4E-82C7-42D6-94C7-6E44AC73BDA4}.Release|x86.ActiveCfg = Release|Any CPU
		{760DCC4E-82C7-42D6-94C7-6E44AC73BDA4}.Release|x86.Build.0 = Release|Any CPU
		{FB2B83A3-3ADF-47FB-BFD5-7F17DE2F8ED7}.Debug|Any CPU.ActiveCfg = Debug|Any CPU
		{FB2B83A3-3ADF-47FB-BFD5-7F17DE2F8ED7}.Debug|Any CPU.Build.0 = Debug|Any CPU
		{FB2B83A3-3ADF-47FB-BFD5-7F17DE2F8ED7}.Debug|x64.ActiveCfg = Debug|Any CPU
		{FB2B83A3-3ADF-47FB-BFD5-7F17DE2F8ED7}.Debug|x64.Build.0 = Debug|Any CPU
		{FB2B83A3-3ADF-47FB-BFD5-7F17DE2F8ED7}.Debug|x86.ActiveCfg = Debug|Any CPU
		{FB2B83A3-3ADF-47FB-BFD5-7F17DE2F8ED7}.Debug|x86.Build.0 = Debug|Any CPU
		{FB2B83A3-3ADF-47FB-BFD5-7F17DE2F8ED7}.Release|Any CPU.ActiveCfg = Release|Any CPU
		{FB2B83A3-3ADF-47FB-BFD5-7F17DE2F8ED7}.Release|Any CPU.Build.0 = Release|Any CPU
		{FB2B83A3-3ADF-47FB-BFD5-7F17DE2F8ED7}.Release|x64.ActiveCfg = Release|Any CPU
		{FB2B83A3-3ADF-47FB-BFD5-7F17DE2F8ED7}.Release|x64.Build.0 = Release|Any CPU
		{FB2B83A3-3ADF-47FB-BFD5-7F17DE2F8ED7}.Release|x86.ActiveCfg = Release|Any CPU
		{FB2B83A3-3ADF-47FB-BFD5-7F17DE2F8ED7}.Release|x86.Build.0 = Release|Any CPU
		{73391427-14C2-46D5-A5A0-423A2ED33598}.Debug|Any CPU.ActiveCfg = Debug|Any CPU
		{73391427-14C2-46D5-A5A0-423A2ED33598}.Debug|Any CPU.Build.0 = Debug|Any CPU
		{73391427-14C2-46D5-A5A0-423A2ED33598}.Debug|x64.ActiveCfg = Debug|Any CPU
		{73391427-14C2-46D5-A5A0-423A2ED33598}.Debug|x64.Build.0 = Debug|Any CPU
		{73391427-14C2-46D5-A5A0-423A2ED33598}.Debug|x86.ActiveCfg = Debug|Any CPU
		{73391427-14C2-46D5-A5A0-423A2ED33598}.Debug|x86.Build.0 = Debug|Any CPU
		{73391427-14C2-46D5-A5A0-423A2ED33598}.Release|Any CPU.ActiveCfg = Release|Any CPU
		{73391427-14C2-46D5-A5A0-423A2ED33598}.Release|Any CPU.Build.0 = Release|Any CPU
		{73391427-14C2-46D5-A5A0-423A2ED33598}.Release|x64.ActiveCfg = Release|Any CPU
		{73391427-14C2-46D5-A5A0-423A2ED33598}.Release|x64.Build.0 = Release|Any CPU
		{73391427-14C2-46D5-A5A0-423A2ED33598}.Release|x86.ActiveCfg = Release|Any CPU
		{73391427-14C2-46D5-A5A0-423A2ED33598}.Release|x86.Build.0 = Release|Any CPU
		{DAED7A39-64EC-4DA7-8B82-6D99446B222E}.Debug|Any CPU.ActiveCfg = Debug|Any CPU
		{DAED7A39-64EC-4DA7-8B82-6D99446B222E}.Debug|Any CPU.Build.0 = Debug|Any CPU
		{DAED7A39-64EC-4DA7-8B82-6D99446B222E}.Debug|x64.ActiveCfg = Debug|Any CPU
		{DAED7A39-64EC-4DA7-8B82-6D99446B222E}.Debug|x64.Build.0 = Debug|Any CPU
		{DAED7A39-64EC-4DA7-8B82-6D99446B222E}.Debug|x86.ActiveCfg = Debug|Any CPU
		{DAED7A39-64EC-4DA7-8B82-6D99446B222E}.Debug|x86.Build.0 = Debug|Any CPU
		{DAED7A39-64EC-4DA7-8B82-6D99446B222E}.Release|Any CPU.ActiveCfg = Release|Any CPU
		{DAED7A39-64EC-4DA7-8B82-6D99446B222E}.Release|Any CPU.Build.0 = Release|Any CPU
		{DAED7A39-64EC-4DA7-8B82-6D99446B222E}.Release|x64.ActiveCfg = Release|Any CPU
		{DAED7A39-64EC-4DA7-8B82-6D99446B222E}.Release|x64.Build.0 = Release|Any CPU
		{DAED7A39-64EC-4DA7-8B82-6D99446B222E}.Release|x86.ActiveCfg = Release|Any CPU
		{DAED7A39-64EC-4DA7-8B82-6D99446B222E}.Release|x86.Build.0 = Release|Any CPU
		{54DF9A92-7045-40CA-9196-D76EBC2C4A69}.Debug|Any CPU.ActiveCfg = Debug|Any CPU
		{54DF9A92-7045-40CA-9196-D76EBC2C4A69}.Debug|Any CPU.Build.0 = Debug|Any CPU
		{54DF9A92-7045-40CA-9196-D76EBC2C4A69}.Debug|x64.ActiveCfg = Debug|Any CPU
		{54DF9A92-7045-40CA-9196-D76EBC2C4A69}.Debug|x64.Build.0 = Debug|Any CPU
		{54DF9A92-7045-40CA-9196-D76EBC2C4A69}.Debug|x86.ActiveCfg = Debug|Any CPU
		{54DF9A92-7045-40CA-9196-D76EBC2C4A69}.Debug|x86.Build.0 = Debug|Any CPU
		{54DF9A92-7045-40CA-9196-D76EBC2C4A69}.Release|Any CPU.ActiveCfg = Release|Any CPU
		{54DF9A92-7045-40CA-9196-D76EBC2C4A69}.Release|Any CPU.Build.0 = Release|Any CPU
		{54DF9A92-7045-40CA-9196-D76EBC2C4A69}.Release|x64.ActiveCfg = Release|Any CPU
		{54DF9A92-7045-40CA-9196-D76EBC2C4A69}.Release|x64.Build.0 = Release|Any CPU
		{54DF9A92-7045-40CA-9196-D76EBC2C4A69}.Release|x86.ActiveCfg = Release|Any CPU
		{54DF9A92-7045-40CA-9196-D76EBC2C4A69}.Release|x86.Build.0 = Release|Any CPU
		{A62DACB3-232B-421F-AC6C-DF402922B742}.Debug|Any CPU.ActiveCfg = Debug|Any CPU
		{A62DACB3-232B-421F-AC6C-DF402922B742}.Debug|Any CPU.Build.0 = Debug|Any CPU
		{A62DACB3-232B-421F-AC6C-DF402922B742}.Debug|x64.ActiveCfg = Debug|Any CPU
		{A62DACB3-232B-421F-AC6C-DF402922B742}.Debug|x64.Build.0 = Debug|Any CPU
		{A62DACB3-232B-421F-AC6C-DF402922B742}.Debug|x86.ActiveCfg = Debug|Any CPU
		{A62DACB3-232B-421F-AC6C-DF402922B742}.Debug|x86.Build.0 = Debug|Any CPU
		{A62DACB3-232B-421F-AC6C-DF402922B742}.Release|Any CPU.ActiveCfg = Release|Any CPU
		{A62DACB3-232B-421F-AC6C-DF402922B742}.Release|Any CPU.Build.0 = Release|Any CPU
		{A62DACB3-232B-421F-AC6C-DF402922B742}.Release|x64.ActiveCfg = Release|Any CPU
		{A62DACB3-232B-421F-AC6C-DF402922B742}.Release|x64.Build.0 = Release|Any CPU
		{A62DACB3-232B-421F-AC6C-DF402922B742}.Release|x86.ActiveCfg = Release|Any CPU
		{A62DACB3-232B-421F-AC6C-DF402922B742}.Release|x86.Build.0 = Release|Any CPU
		{DF34A586-5F4F-47E8-8C8B-84FE6AA2D098}.Debug|Any CPU.ActiveCfg = Debug|Any CPU
		{DF34A586-5F4F-47E8-8C8B-84FE6AA2D098}.Debug|Any CPU.Build.0 = Debug|Any CPU
		{DF34A586-5F4F-47E8-8C8B-84FE6AA2D098}.Debug|x64.ActiveCfg = Debug|Any CPU
		{DF34A586-5F4F-47E8-8C8B-84FE6AA2D098}.Debug|x64.Build.0 = Debug|Any CPU
		{DF34A586-5F4F-47E8-8C8B-84FE6AA2D098}.Debug|x86.ActiveCfg = Debug|Any CPU
		{DF34A586-5F4F-47E8-8C8B-84FE6AA2D098}.Debug|x86.Build.0 = Debug|Any CPU
		{DF34A586-5F4F-47E8-8C8B-84FE6AA2D098}.Release|Any CPU.ActiveCfg = Release|Any CPU
		{DF34A586-5F4F-47E8-8C8B-84FE6AA2D098}.Release|Any CPU.Build.0 = Release|Any CPU
		{DF34A586-5F4F-47E8-8C8B-84FE6AA2D098}.Release|x64.ActiveCfg = Release|Any CPU
		{DF34A586-5F4F-47E8-8C8B-84FE6AA2D098}.Release|x64.Build.0 = Release|Any CPU
		{DF34A586-5F4F-47E8-8C8B-84FE6AA2D098}.Release|x86.ActiveCfg = Release|Any CPU
		{DF34A586-5F4F-47E8-8C8B-84FE6AA2D098}.Release|x86.Build.0 = Release|Any CPU
		{774116A4-A122-42C0-967E-28CAC9DCB306}.Debug|Any CPU.ActiveCfg = Debug|Any CPU
		{774116A4-A122-42C0-967E-28CAC9DCB306}.Debug|Any CPU.Build.0 = Debug|Any CPU
		{774116A4-A122-42C0-967E-28CAC9DCB306}.Debug|x64.ActiveCfg = Debug|Any CPU
		{774116A4-A122-42C0-967E-28CAC9DCB306}.Debug|x64.Build.0 = Debug|Any CPU
		{774116A4-A122-42C0-967E-28CAC9DCB306}.Debug|x86.ActiveCfg = Debug|Any CPU
		{774116A4-A122-42C0-967E-28CAC9DCB306}.Debug|x86.Build.0 = Debug|Any CPU
		{774116A4-A122-42C0-967E-28CAC9DCB306}.Release|Any CPU.ActiveCfg = Release|Any CPU
		{774116A4-A122-42C0-967E-28CAC9DCB306}.Release|Any CPU.Build.0 = Release|Any CPU
		{774116A4-A122-42C0-967E-28CAC9DCB306}.Release|x64.ActiveCfg = Release|Any CPU
		{774116A4-A122-42C0-967E-28CAC9DCB306}.Release|x64.Build.0 = Release|Any CPU
		{774116A4-A122-42C0-967E-28CAC9DCB306}.Release|x86.ActiveCfg = Release|Any CPU
		{774116A4-A122-42C0-967E-28CAC9DCB306}.Release|x86.Build.0 = Release|Any CPU
	EndGlobalSection
	GlobalSection(SolutionProperties) = preSolution
		HideSolutionNode = FALSE
	EndGlobalSection
	GlobalSection(NestedProjects) = preSolution
		{CCF871F3-AFB8-4B2A-A228-389A731AA3EB} = {827E0CD3-B72D-47B6-A68D-7590B98EB39B}
		{760DCC4E-82C7-42D6-94C7-6E44AC73BDA4} = {827E0CD3-B72D-47B6-A68D-7590B98EB39B}
		{FB2B83A3-3ADF-47FB-BFD5-7F17DE2F8ED7} = {827E0CD3-B72D-47B6-A68D-7590B98EB39B}
		{73391427-14C2-46D5-A5A0-423A2ED33598} = {827E0CD3-B72D-47B6-A68D-7590B98EB39B}
		{DAED7A39-64EC-4DA7-8B82-6D99446B222E} = {0AB3BF05-4346-4AA6-1389-037BE0695223}
		{54DF9A92-7045-40CA-9196-D76EBC2C4A69} = {0AB3BF05-4346-4AA6-1389-037BE0695223}
		{A62DACB3-232B-421F-AC6C-DF402922B742} = {0AB3BF05-4346-4AA6-1389-037BE0695223}
		{DF34A586-5F4F-47E8-8C8B-84FE6AA2D098} = {0AB3BF05-4346-4AA6-1389-037BE0695223}
		{774116A4-A122-42C0-967E-28CAC9DCB306} = {0AB3BF05-4346-4AA6-1389-037BE0695223}
	EndGlobalSection
EndGlobal
